
Microsoft Visual Studio Solution File, Format Version 12.00
# Visual Studio Version 16
VisualStudioVersion = 16.0.29215.179
MinimumVisualStudioVersion = 10.0.40219.1
Project("{8BC9CEB8-8B4A-11D0-8D11-00A0C91BC942}") = "TestProject1", "TestProject1\TestProject1.vcxproj", "{C3BAE678-6354-4BA4-B4C5-70F25EDD7AE3}"
EndProject
Project("{8BC9CEB8-8B4A-11D0-8D11-00A0C91BC942}") = "0830_Multifile", "0830_Multifile\0830_Multifile.vcxproj", "{E5A42FED-F0B5-4564-AC56-65BDF174DE9C}"
EndProject
Project("{8BC9CEB8-8B4A-11D0-8D11-00A0C91BC942}") = "0902_Copying", "0902_Copying\0902_Copying.vcxproj", "{C77CF4F6-FE01-4C1A-896C-F7088F7921CC}"
EndProject
Project("{8BC9CEB8-8B4A-11D0-8D11-00A0C91BC942}") = "0906_PermuteSequence", "0906_PermuteSequence\0906_PermuteSequence.vcxproj", "{A61800AA-1DD4-4804-9182-4811924D2A53}"
EndProject
Global
	GlobalSection(SolutionConfigurationPlatforms) = preSolution
		Debug|x64 = Debug|x64
		Debug|x86 = Debug|x86
		Release|x64 = Release|x64
		Release|x86 = Release|x86
	EndGlobalSection
	GlobalSection(ProjectConfigurationPlatforms) = postSolution
		{C3BAE678-6354-4BA4-B4C5-70F25EDD7AE3}.Debug|x64.ActiveCfg = Debug|x64
		{C3BAE678-6354-4BA4-B4C5-70F25EDD7AE3}.Debug|x64.Build.0 = Debug|x64
		{C3BAE678-6354-4BA4-B4C5-70F25EDD7AE3}.Debug|x86.ActiveCfg = Debug|Win32
		{C3BAE678-6354-4BA4-B4C5-70F25EDD7AE3}.Debug|x86.Build.0 = Debug|Win32
		{C3BAE678-6354-4BA4-B4C5-70F25EDD7AE3}.Release|x64.ActiveCfg = Release|x64
		{C3BAE678-6354-4BA4-B4C5-70F25EDD7AE3}.Release|x64.Build.0 = Release|x64
		{C3BAE678-6354-4BA4-B4C5-70F25EDD7AE3}.Release|x86.ActiveCfg = Release|Win32
		{C3BAE678-6354-4BA4-B4C5-70F25EDD7AE3}.Release|x86.Build.0 = Release|Win32
		{E5A42FED-F0B5-4564-AC56-65BDF174DE9C}.Debug|x64.ActiveCfg = Debug|x64
		{E5A42FED-F0B5-4564-AC56-65BDF174DE9C}.Debug|x64.Build.0 = Debug|x64
		{E5A42FED-F0B5-4564-AC56-65BDF174DE9C}.Debug|x86.ActiveCfg = Debug|Win32
		{E5A42FED-F0B5-4564-AC56-65BDF174DE9C}.Debug|x86.Build.0 = Debug|Win32
		{E5A42FED-F0B5-4564-AC56-65BDF174DE9C}.Release|x64.ActiveCfg = Release|x64
		{E5A42FED-F0B5-4564-AC56-65BDF174DE9C}.Release|x64.Build.0 = Release|x64
		{E5A42FED-F0B5-4564-AC56-65BDF174DE9C}.Release|x86.ActiveCfg = Release|Win32
		{E5A42FED-F0B5-4564-AC56-65BDF174DE9C}.Release|x86.Build.0 = Release|Win32
		{C77CF4F6-FE01-4C1A-896C-F7088F7921CC}.Debug|x64.ActiveCfg = Debug|x64
		{C77CF4F6-FE01-4C1A-896C-F7088F7921CC}.Debug|x64.Build.0 = Debug|x64
		{C77CF4F6-FE01-4C1A-896C-F7088F7921CC}.Debug|x86.ActiveCfg = Debug|Win32
		{C77CF4F6-FE01-4C1A-896C-F7088F7921CC}.Debug|x86.Build.0 = Debug|Win32
		{C77CF4F6-FE01-4C1A-896C-F7088F7921CC}.Release|x64.ActiveCfg = Release|x64
		{C77CF4F6-FE01-4C1A-896C-F7088F7921CC}.Release|x64.Build.0 = Release|x64
		{C77CF4F6-FE01-4C1A-896C-F7088F7921CC}.Release|x86.ActiveCfg = Release|Win32
		{C77CF4F6-FE01-4C1A-896C-F7088F7921CC}.Release|x86.Build.0 = Release|Win32
		{A61800AA-1DD4-4804-9182-4811924D2A53}.Debug|x64.ActiveCfg = Debug|x64
		{A61800AA-1DD4-4804-9182-4811924D2A53}.Debug|x64.Build.0 = Debug|x64
		{A61800AA-1DD4-4804-9182-4811924D2A53}.Debug|x86.ActiveCfg = Debug|Win32
		{A61800AA-1DD4-4804-9182-4811924D2A53}.Debug|x86.Build.0 = Debug|Win32
		{A61800AA-1DD4-4804-9182-4811924D2A53}.Release|x64.ActiveCfg = Release|x64
		{A61800AA-1DD4-4804-9182-4811924D2A53}.Release|x64.Build.0 = Release|x64
		{A61800AA-1DD4-4804-9182-4811924D2A53}.Release|x86.ActiveCfg = Release|Win32
		{A61800AA-1DD4-4804-9182-4811924D2A53}.Release|x86.Build.0 = Release|Win32
	EndGlobalSection
	GlobalSection(SolutionProperties) = preSolution
		HideSolutionNode = FALSE
	EndGlobalSection
	GlobalSection(ExtensibilityGlobals) = postSolution
		SolutionGuid = {D55B007E-7984-4694-8E5B-EAB9444BE0EA}
	EndGlobalSection
EndGlobal
